// !$*UTF8*$!
{
	archiveVersion = 1;
	classes = {
	};
	objectVersion = 46;
	objects = {

/* Begin PBXBuildFile section */
		F52E09DC1A77AB9F0038DD1B /* AppDelegate.swift in Sources */ = {isa = PBXBuildFile; fileRef = F52E09DB1A77AB9F0038DD1B /* AppDelegate.swift */; };
		F52E09DE1A77AB9F0038DD1B /* ViewController.swift in Sources */ = {isa = PBXBuildFile; fileRef = F52E09DD1A77AB9F0038DD1B /* ViewController.swift */; };
		F52E09E11A77AB9F0038DD1B /* Main.storyboard in Resources */ = {isa = PBXBuildFile; fileRef = F52E09DF1A77AB9F0038DD1B /* Main.storyboard */; };
		F52E09E31A77AB9F0038DD1B /* Images.xcassets in Resources */ = {isa = PBXBuildFile; fileRef = F52E09E21A77AB9F0038DD1B /* Images.xcassets */; };
		F52E09E61A77AB9F0038DD1B /* LaunchScreen.xib in Resources */ = {isa = PBXBuildFile; fileRef = F52E09E41A77AB9F0038DD1B /* LaunchScreen.xib */; };
		F52E09F21A77AB9F0038DD1B /* TipCalculatorTests.swift in Sources */ = {isa = PBXBuildFile; fileRef = F52E09F11A77AB9F0038DD1B /* TipCalculatorTests.swift */; };
		F52E09FE1A77ABEB0038DD1B /* TipCalculator.swift in Sources */ = {isa = PBXBuildFile; fileRef = F52E09FD1A77ABEB0038DD1B /* TipCalculator.swift */; };
		F5DA3F131AAEA8C1005C0DC5 /* Screen Shot 2015-03-10 at 12.21.02 AM.png in Resources */ = {isa = PBXBuildFile; fileRef = F5DA3F121AAEA8C1005C0DC5 /* Screen Shot 2015-03-10 at 12.21.02 AM.png */; };
/* End PBXBuildFile section */

/* Begin PBXContainerItemProxy section */
		F52E09EC1A77AB9F0038DD1B /* PBXContainerItemProxy */ = {
			isa = PBXContainerItemProxy;
			containerPortal = F52E09CE1A77AB9E0038DD1B /* Project object */;
			proxyType = 1;
			remoteGlobalIDString = F52E09D51A77AB9E0038DD1B;
			remoteInfo = TipCalculator;
		};
/* End PBXContainerItemProxy section */

/* Begin PBXFileReference section */
		F52E09D61A77AB9E0038DD1B /* TipCalculator.app */ = {isa = PBXFileReference; explicitFileType = wrapper.application; includeInIndex = 0; path = TipCalculator.app; sourceTree = BUILT_PRODUCTS_DIR; };
		F52E09DA1A77AB9F0038DD1B /* Info.plist */ = {isa = PBXFileReference; lastKnownFileType = text.plist.xml; path = Info.plist; sourceTree = "<group>"; };
		F52E09DB1A77AB9F0038DD1B /* AppDelegate.swift */ = {isa = PBXFileReference; lastKnownFileType = sourcecode.swift; path = AppDelegate.swift; sourceTree = "<group>"; };
		F52E09DD1A77AB9F0038DD1B /* ViewController.swift */ = {isa = PBXFileReference; lastKnownFileType = sourcecode.swift; path = ViewController.swift; sourceTree = "<group>"; };
		F52E09E01A77AB9F0038DD1B /* Base */ = {isa = PBXFileReference; lastKnownFileType = file.storyboard; name = Base; path = Base.lproj/Main.storyboard; sourceTree = "<group>"; };
		F52E09E21A77AB9F0038DD1B /* Images.xcassets */ = {isa = PBXFileReference; lastKnownFileType = folder.assetcatalog; path = Images.xcassets; sourceTree = "<group>"; };
		F52E09E51A77AB9F0038DD1B /* Base */ = {isa = PBXFileReference; lastKnownFileType = file.xib; name = Base; path = Base.lproj/LaunchScreen.xib; sourceTree = "<group>"; };
		F52E09EB1A77AB9F0038DD1B /* TipCalculatorTests.xctest */ = {isa = PBXFileReference; explicitFileType = wrapper.cfbundle; includeInIndex = 0; path = TipCalculatorTests.xctest; sourceTree = BUILT_PRODUCTS_DIR; };
		F52E09F01A77AB9F0038DD1B /* Info.plist */ = {isa = PBXFileReference; lastKnownFileType = text.plist.xml; path = Info.plist; sourceTree = "<group>"; };
		F52E09F11A77AB9F0038DD1B /* TipCalculatorTests.swift */ = {isa = PBXFileReference; lastKnownFileType = sourcecode.swift; path = TipCalculatorTests.swift; sourceTree = "<group>"; };
		F52E09FD1A77ABEB0038DD1B /* TipCalculator.swift */ = {isa = PBXFileReference; fileEncoding = 4; lastKnownFileType = sourcecode.swift; path = TipCalculator.swift; sourceTree = SOURCE_ROOT; };
		F5DA3F121AAEA8C1005C0DC5 /* Screen Shot 2015-03-10 at 12.21.02 AM.png */ = {isa = PBXFileReference; lastKnownFileType = image.png; path = "Screen Shot 2015-03-10 at 12.21.02 AM.png"; sourceTree = "<group>"; };
/* End PBXFileReference section */

/* Begin PBXFrameworksBuildPhase section */
		F52E09D31A77AB9E0038DD1B /* Frameworks */ = {
			isa = PBXFrameworksBuildPhase;
			buildActionMask = 2147483647;
			files = (
			);
			runOnlyForDeploymentPostprocessing = 0;
		};
		F52E09E81A77AB9F0038DD1B /* Frameworks */ = {
			isa = PBXFrameworksBuildPhase;
			buildActionMask = 2147483647;
			files = (
			);
			runOnlyForDeploymentPostprocessing = 0;
		};
/* End PBXFrameworksBuildPhase section */

/* Begin PBXGroup section */
		F52E09CD1A77AB9E0038DD1B = {
			isa = PBXGroup;
			children = (
				F52E09D81A77AB9E0038DD1B /* TipCalculator */,
				F52E09EE1A77AB9F0038DD1B /* TipCalculatorTests */,
				F52E09D71A77AB9E0038DD1B /* Products */,
			);
			sourceTree = "<group>";
		};
		F52E09D71A77AB9E0038DD1B /* Products */ = {
			isa = PBXGroup;
			children = (
				F52E09D61A77AB9E0038DD1B /* TipCalculator.app */,
				F52E09EB1A77AB9F0038DD1B /* TipCalculatorTests.xctest */,
			);
			name = Products;
			sourceTree = "<group>";
		};
		F52E09D81A77AB9E0038DD1B /* TipCalculator */ = {
			isa = PBXGroup;
			children = (
				F52E0A011A77C8AA0038DD1B /* TODO File: */,
				F52E09FF1A77C8950038DD1B /* Application Delegate */,
				F52E0A001A77C89D0038DD1B /* Controller */,
				F52E0A021A77C8B10038DD1B /* View */,
				F52E09E21A77AB9F0038DD1B /* Images.xcassets */,
				F52E09E41A77AB9F0038DD1B /* LaunchScreen.xib */,
				F52E09D91A77AB9F0038DD1B /* Supporting Files */,
			);
			path = TipCalculator;
			sourceTree = "<group>";
		};
		F52E09D91A77AB9F0038DD1B /* Supporting Files */ = {
			isa = PBXGroup;
			children = (
				F52E09DA1A77AB9F0038DD1B /* Info.plist */,
			);
			name = "Supporting Files";
			sourceTree = "<group>";
		};
		F52E09EE1A77AB9F0038DD1B /* TipCalculatorTests */ = {
			isa = PBXGroup;
			children = (
				F52E09F11A77AB9F0038DD1B /* TipCalculatorTests.swift */,
				F52E09EF1A77AB9F0038DD1B /* Supporting Files */,
			);
			path = TipCalculatorTests;
			sourceTree = "<group>";
		};
		F52E09EF1A77AB9F0038DD1B /* Supporting Files */ = {
			isa = PBXGroup;
			children = (
				F52E09F01A77AB9F0038DD1B /* Info.plist */,
			);
			name = "Supporting Files";
			sourceTree = "<group>";
		};
		F52E09FF1A77C8950038DD1B /* Application Delegate */ = {
			isa = PBXGroup;
			children = (
				F52E09DB1A77AB9F0038DD1B /* AppDelegate.swift */,
			);
			name = "Application Delegate";
			sourceTree = "<group>";
		};
		F52E0A001A77C89D0038DD1B /* Controller */ = {
			isa = PBXGroup;
			children = (
				F52E09DD1A77AB9F0038DD1B /* ViewController.swift */,
			);
			name = Controller;
			sourceTree = "<group>";
		};
		F52E0A011A77C8AA0038DD1B /* TODO File: */ = {
			isa = PBXGroup;
			children = (
				F52E09FD1A77ABEB0038DD1B /* TipCalculator.swift */,
			);
			name = "TODO File:";
			sourceTree = "<group>";
		};
		F52E0A021A77C8B10038DD1B /* View */ = {
			isa = PBXGroup;
			children = (
				F5DA3F121AAEA8C1005C0DC5 /* Screen Shot 2015-03-10 at 12.21.02 AM.png */,
				F52E09DF1A77AB9F0038DD1B /* Main.storyboard */,
			);
			name = View;
			sourceTree = "<group>";
		};
/* End PBXGroup section */

/* Begin PBXNativeTarget section */
		F52E09D51A77AB9E0038DD1B /* TipCalculator */ = {
			isa = PBXNativeTarget;
			buildConfigurationList = F52E09F51A77AB9F0038DD1B /* Build configuration list for PBXNativeTarget "TipCalculator" */;
			buildPhases = (
				F52E09D21A77AB9E0038DD1B /* Sources */,
				F52E09D31A77AB9E0038DD1B /* Frameworks */,
				F52E09D41A77AB9E0038DD1B /* Resources */,
			);
			buildRules = (
			);
			dependencies = (
			);
			name = TipCalculator;
			productName = TipCalculator;
			productReference = F52E09D61A77AB9E0038DD1B /* TipCalculator.app */;
			productType = "com.apple.product-type.application";
		};
		F52E09EA1A77AB9F0038DD1B /* TipCalculatorTests */ = {
			isa = PBXNativeTarget;
			buildConfigurationList = F52E09F81A77AB9F0038DD1B /* Build configuration list for PBXNativeTarget "TipCalculatorTests" */;
			buildPhases = (
				F52E09E71A77AB9F0038DD1B /* Sources */,
				F52E09E81A77AB9F0038DD1B /* Frameworks */,
				F52E09E91A77AB9F0038DD1B /* Resources */,
			);
			buildRules = (
			);
			dependencies = (
				F52E09ED1A77AB9F0038DD1B /* PBXTargetDependency */,
			);
			name = TipCalculatorTests;
			productName = TipCalculatorTests;
			productReference = F52E09EB1A77AB9F0038DD1B /* TipCalculatorTests.xctest */;
			productType = "com.apple.product-type.bundle.unit-test";
		};
/* End PBXNativeTarget section */

/* Begin PBXProject section */
		F52E09CE1A77AB9E0038DD1B /* Project object */ = {
			isa = PBXProject;
			attributes = {
				LastUpgradeCheck = 0610;
				ORGANIZATIONNAME = "Duc Tran";
				TargetAttributes = {
					F52E09D51A77AB9E0038DD1B = {
						CreatedOnToolsVersion = 6.1.1;
					};
					F52E09EA1A77AB9F0038DD1B = {
						CreatedOnToolsVersion = 6.1.1;
						TestTargetID = F52E09D51A77AB9E0038DD1B;
					};
				};
			};
			buildConfigurationList = F52E09D11A77AB9E0038DD1B /* Build configuration list for PBXProject "tipcalculator" */;
			compatibilityVersion = "Xcode 3.2";
			developmentRegion = English;
			hasScannedForEncodings = 0;
			knownRegions = (
				en,
				Base,
			);
			mainGroup = F52E09CD1A77AB9E0038DD1B;
			productRefGroup = F52E09D71A77AB9E0038DD1B /* Products */;
			projectDirPath = "";
			projectRoot = "";
			targets = (
				F52E09D51A77AB9E0038DD1B /* TipCalculator */,
				F52E09EA1A77AB9F0038DD1B /* TipCalculatorTests */,
			);
		};
/* End PBXProject section */

/* Begin PBXResourcesBuildPhase section */
		F52E09D41A77AB9E0038DD1B /* Resources */ = {
			isa = PBXResourcesBuildPhase;
			buildActionMask = 2147483647;
			files = (
				F52E09E11A77AB9F0038DD1B /* Main.storyboard in Resources */,
				F52E09E61A77AB9F0038DD1B /* LaunchScreen.xib in Resources */,
				F52E09E31A77AB9F0038DD1B /* Images.xcassets in Resources */,
				F5DA3F131AAEA8C1005C0DC5 /* Screen Shot 2015-03-10 at 12.21.02 AM.png in Resources */,
			);
			runOnlyForDeploymentPostprocessing = 0;
		};
		F52E09E91A77AB9F0038DD1B /* Resources */ = {
			isa = PBXResourcesBuildPhase;
			buildActionMask = 2147483647;
			files = (
			);
			runOnlyForDeploymentPostprocessing = 0;
		};
/* End PBXResourcesBuildPhase section */

/* Begin PBXSourcesBuildPhase section */
		F52E09D21A77AB9E0038DD1B /* Sources */ = {
			isa = PBXSourcesBuildPhase;
			buildActionMask = 2147483647;
			files = (
				F52E09FE1A77ABEB0038DD1B /* TipCalculator.swift in Sources */,
				F52E09DE1A77AB9F0038DD1B /* ViewController.swift in Sources */,
				F52E09DC1A77AB9F0038DD1B /* AppDelegate.swift in Sources */,
			);
			runOnlyForDeploymentPostprocessing = 0;
		};
		F52E09E71A77AB9F0038DD1B /* Sources */ = {
			isa = PBXSourcesBuildPhase;
			buildActionMask = 2147483647;
			files = (
				F52E09F21A77AB9F0038DD1B /* TipCalculatorTests.swift in Sources */,
			);
			runOnlyForDeploymentPostprocessing = 0;
		};
/* End PBXSourcesBuildPhase section */

/* Begin PBXTargetDependency section */
		F52E09ED1A77AB9F0038DD1B /* PBXTargetDependency */ = {
			isa = PBXTargetDependency;
			target = F52E09D51A77AB9E0038DD1B /* TipCalculator */;
			targetProxy = F52E09EC1A77AB9F0038DD1B /* PBXContainerItemProxy */;
		};
/* End PBXTargetDependency section */

/* Begin PBXVariantGroup section */
		F52E09DF1A77AB9F0038DD1B /* Main.storyboard */ = {
			isa = PBXVariantGroup;
			children = (
				F52E09E01A77AB9F0038DD1B /* Base */,
			);
			name = Main.storyboard;
			sourceTree = "<group>";
		};
		F52E09E41A77AB9F0038DD1B /* LaunchScreen.xib */ = {
			isa = PBXVariantGroup;
			children = (
				F52E09E51A77AB9F0038DD1B /* Base */,
			);
			name = LaunchScreen.xib;
			sourceTree = "<group>";
		};
/* End PBXVariantGroup section */

/* Begin XCBuildConfiguration section */
		F52E09F31A77AB9F0038DD1B /* Debug */ = {
			isa = XCBuildConfiguration;
			buildSettings = {
				ALWAYS_SEARCH_USER_PATHS = NO;
				CLANG_CXX_LANGUAGE_STANDARD = "gnu++0x";
				CLANG_CXX_LIBRARY = "libc++";
				CLANG_ENABLE_MODULES = YES;
				CLANG_ENABLE_OBJC_ARC = YES;
				CLANG_WARN_BOOL_CONVERSION = YES;
				CLANG_WARN_CONSTANT_CONVERSION = YES;
				CLANG_WARN_DIRECT_OBJC_ISA_USAGE = YES_ERROR;
				CLANG_WARN_EMPTY_BODY = YES;
				CLANG_WARN_ENUM_CONVERSION = YES;
				CLANG_WARN_INT_CONVERSION = YES;
				CLANG_WARN_OBJC_ROOT_CLASS = YES_ERROR;
				CLANG_WARN_UNREACHABLE_CODE = YES;
				CLANG_WARN__DUPLICATE_METHOD_MATCH = YES;
				"CODE_SIGN_IDENTITY[sdk=iphoneos*]" = "iPhone Developer";
				COPY_PHASE_STRIP = NO;
				ENABLE_STRICT_OBJC_MSGSEND = YES;
				GCC_C_LANGUAGE_STANDARD = gnu99;
				GCC_DYNAMIC_NO_PIC = NO;
				GCC_OPTIMIZATION_LEVEL = 0;
				GCC_PREPROCESSOR_DEFINITIONS = (
					"DEBUG=1",
					"$(inherited)",
				);
				GCC_SYMBOLS_PRIVATE_EXTERN = NO;
				GCC_WARN_64_TO_32_BIT_CONVERSION = YES;
				GCC_WARN_ABOUT_RETURN_TYPE = YES_ERROR;
				GCC_WARN_UNDECLARED_SELECTOR = YES;
				GCC_WARN_UNINITIALIZED_AUTOS = YES_AGGRESSIVE;
				GCC_WARN_UNUSED_FUNCTION = YES;
				GCC_WARN_UNUSED_VARIABLE = YES;
				IPHONEOS_DEPLOYMENT_TARGET = 8.1;
				MTL_ENABLE_DEBUG_INFO = YES;
				ONLY_ACTIVE_ARCH = YES;
				SDKROOT = iphoneos;
				SWIFT_OPTIMIZATION_LEVEL = "-Onone";
			};
			name = Debug;
		};
		F52E09F41A77AB9F0038DD1B /* Release */ = {
			isa = XCBuildConfiguration;
			buildSettings = {
				ALWAYS_SEARCH_USER_PATHS = NO;
				CLANG_CXX_LANGUAGE_STANDARD = "gnu++0x";
				CLANG_CXX_LIBRARY = "libc++";
				CLANG_ENABLE_MODULES = YES;
				CLANG_ENABLE_OBJC_ARC = YES;
				CLANG_WARN_BOOL_CONVERSION = YES;
				CLANG_WARN_CONSTANT_CONVERSION = YES;
				CLANG_WARN_DIRECT_OBJC_ISA_USAGE = YES_ERROR;
				CLANG_WARN_EMPTY_BODY = YES;
				CLANG_WARN_ENUM_CONVERSION = YES;
				CLANG_WARN_INT_CONVERSION = YES;
				CLANG_WARN_OBJC_ROOT_CLASS = YES_ERROR;
				CLANG_WARN_UNREACHABLE_CODE = YES;
				CLANG_WARN__DUPLICATE_METHOD_MATCH = YES;
				"CODE_SIGN_IDENTITY[sdk=iphoneos*]" = "iPhone Developer";
				COPY_PHASE_STRIP = YES;
				ENABLE_NS_ASSERTIONS = NO;
				ENABLE_STRICT_OBJC_MSGSEND = YES;
				GCC_C_LANGUAGE_STANDARD = gnu99;
				GCC_WARN_64_TO_32_BIT_CONVERSION = YES;
				GCC_WARN_ABOUT_RETURN_TYPE = YES_ERROR;
				GCC_WARN_UNDECLARED_SELECTOR = YES;
				GCC_WARN_UNINITIALIZED_AUTOS = YES_AGGRESSIVE;
				GCC_WARN_UNUSED_FUNCTION = YES;
				GCC_WARN_UNUSED_VARIABLE = YES;
				IPHONEOS_DEPLOYMENT_TARGET = 8.1;
				MTL_ENABLE_DEBUG_INFO = NO;
				SDKROOT = iphoneos;
				VALIDATE_PRODUCT = YES;
			};
			name = Release;
		};
		F52E09F61A77AB9F0038DD1B /* Debug */ = {
			isa = XCBuildConfiguration;
			buildSettings = {
				ASSETCATALOG_COMPILER_APPICON_NAME = AppIcon;
				INFOPLIST_FILE = TipCalculator/Info.plist;
				LD_RUNPATH_SEARCH_PATHS = "$(inherited) @executable_path/Frameworks";
				PRODUCT_NAME = "$(TARGET_NAME)";
			};
			name = Debug;
		};
		F52E09F71A77AB9F0038DD1B /* Release */ = {
			isa = XCBuildConfiguration;
			buildSettings = {
				ASSETCATALOG_COMPILER_APPICON_NAME = AppIcon;
				INFOPLIST_FILE = TipCalculator/Info.plist;
				LD_RUNPATH_SEARCH_PATHS = "$(inherited) @executable_path/Frameworks";
				PRODUCT_NAME = "$(TARGET_NAME)";
			};
			name = Release;
		};
		F52E09F91A77AB9F0038DD1B /* Debug */ = {
			isa = XCBuildConfiguration;
			buildSettings = {
				BUNDLE_LOADER = "$(TEST_HOST)";
				FRAMEWORK_SEARCH_PATHS = (
					"$(SDKROOT)/Developer/Library/Frameworks",
					"$(inherited)",
				);
				GCC_PREPROCESSOR_DEFINITIONS = (
					"DEBUG=1",
					"$(inherited)",
				);
				INFOPLIST_FILE = TipCalculatorTests/Info.plist;
				LD_RUNPATH_SEARCH_PATHS = "$(inherited) @executable_path/Frameworks @loader_path/Frameworks";
				PRODUCT_NAME = "$(TARGET_NAME)";
				TEST_HOST = "$(BUILT_PRODUCTS_DIR)/TipCalculator.app/TipCalculator";
			};
			name = Debug;
		};
		F52E09FA1A77AB9F0038DD1B /* Release */ = {
			isa = XCBuildConfiguration;
			buildSettings = {
				BUNDLE_LOADER = "$(TEST_HOST)";
				FRAMEWORK_SEARCH_PATHS = (
					"$(SDKROOT)/Developer/Library/Frameworks",
					"$(inherited)",
				);
				INFOPLIST_FILE = TipCalculatorTests/Info.plist;
				LD_RUNPATH_SEARCH_PATHS = "$(inherited) @executable_path/Frameworks @loader_path/Frameworks";
				PRODUCT_NAME = "$(TARGET_NAME)";
				TEST_HOST = "$(BUILT_PRODUCTS_DIR)/TipCalculator.app/TipCalculator";
			};
			name = Release;
		};
/* End XCBuildConfiguration section */

/* Begin XCConfigurationList section */
		F52E09D11A77AB9E0038DD1B /* Build configuration list for PBXProject "tipcalculator" */ = {
			isa = XCConfigurationList;
			buildConfigurations = (
				F52E09F31A77AB9F0038DD1B /* Debug */,
				F52E09F41A77AB9F0038DD1B /* Release */,
			);
			defaultConfigurationIsVisible = 0;
			defaultConfigurationName = Release;
		};
		F52E09F51A77AB9F0038DD1B /* Build configuration list for PBXNativeTarget "TipCalculator" */ = {
			isa = XCConfigurationList;
			buildConfigurations = (
				F52E09F61A77AB9F0038DD1B /* Debug */,
				F52E09F71A77AB9F0038DD1B /* Release */,
			);
			defaultConfigurationIsVisible = 0;
			defaultConfigurationName = Release;
		};
		F52E09F81A77AB9F0038DD1B /* Build configuration list for PBXNativeTarget "TipCalculatorTests" */ = {
			isa = XCConfigurationList;
			buildConfigurations = (
				F52E09F91A77AB9F0038DD1B /* Debug */,
				F52E09FA1A77AB9F0038DD1B /* Release */,
			);
			defaultConfigurationIsVisible = 0;
			defaultConfigurationName = Release;
		};
/* End XCConfigurationList section */
	};
	rootObject = F52E09CE1A77AB9E0038DD1B /* Project object */;
}
